
Microsoft Visual Studio Solution File, Format Version 12.00
# Visual Studio 2013
VisualStudioVersion = 12.0.40629.0
MinimumVisualStudioVersion = 10.0.40219.1
Project("{8BC9CEB8-8B4A-11D0-8D11-00A0C91BC942}") = "OriNet", "OriNet.vcxproj", "{6699D67F-7944-4282-AE0C-DD605FE66515}"
	ProjectSection(ProjectDependencies) = postProject
		{37592819-2227-4EE7-8D86-59CD4296CAEF} = {37592819-2227-4EE7-8D86-59CD4296CAEF}
		{BC6EC44C-714C-4F7C-9CBC-E1383DBB5F26} = {BC6EC44C-714C-4F7C-9CBC-E1383DBB5F26}
		{95FD0050-8A7F-477E-9374-EE3942F05807} = {95FD0050-8A7F-477E-9374-EE3942F05807}
		{EACD38C2-9514-43B7-A843-7AF23A22CEE5} = {EACD38C2-9514-43B7-A843-7AF23A22CEE5}
		{C79601DE-0939-4AE7-ADE0-510C264B3BD2} = {C79601DE-0939-4AE7-ADE0-510C264B3BD2}
		{6EE5D4ED-5415-4419-9782-451D72EAB455} = {6EE5D4ED-5415-4419-9782-451D72EAB455}
		{ACC0FAFF-EFCC-4781-9CD3-C526767F88E9} = {ACC0FAFF-EFCC-4781-9CD3-C526767F88E9}
	EndProjectSection
EndProject
Project("{8BC9CEB8-8B4A-11D0-8D11-00A0C91BC942}") = "OriUntil", "OriUntil\OriUntil.vcxproj", "{95FD0050-8A7F-477E-9374-EE3942F05807}"
	ProjectSection(ProjectDependencies) = postProject
		{C79601DE-0939-4AE7-ADE0-510C264B3BD2} = {C79601DE-0939-4AE7-ADE0-510C264B3BD2}
	EndProjectSection
EndProject
Project("{8BC9CEB8-8B4A-11D0-8D11-00A0C91BC942}") = "OriCrypt", "OriCrypt\OriCrypt.vcxproj", "{EACD38C2-9514-43B7-A843-7AF23A22CEE5}"
	ProjectSection(ProjectDependencies) = postProject
		{95FD0050-8A7F-477E-9374-EE3942F05807} = {95FD0050-8A7F-477E-9374-EE3942F05807}
	EndProjectSection
EndProject
Project("{8BC9CEB8-8B4A-11D0-8D11-00A0C91BC942}") = "OriFunctionTable", "OriFunctionTable\OriFunctionTable.vcxproj", "{BC6EC44C-714C-4F7C-9CBC-E1383DBB5F26}"
	ProjectSection(ProjectDependencies) = postProject
		{95FD0050-8A7F-477E-9374-EE3942F05807} = {95FD0050-8A7F-477E-9374-EE3942F05807}
		{ACC0FAFF-EFCC-4781-9CD3-C526767F88E9} = {ACC0FAFF-EFCC-4781-9CD3-C526767F88E9}
	EndProjectSection
EndProject
Project("{8BC9CEB8-8B4A-11D0-8D11-00A0C91BC942}") = "OriGeoIP", "OriGeoIP\OriGeoIP.vcxproj", "{6EE5D4ED-5415-4419-9782-451D72EAB455}"
	ProjectSection(ProjectDependencies) = postProject
		{95FD0050-8A7F-477E-9374-EE3942F05807} = {95FD0050-8A7F-477E-9374-EE3942F05807}
		{ACC0FAFF-EFCC-4781-9CD3-C526767F88E9} = {ACC0FAFF-EFCC-4781-9CD3-C526767F88E9}
	EndProjectSection
EndProject
Project("{8BC9CEB8-8B4A-11D0-8D11-00A0C91BC942}") = "OriKernel", "OriKernel\OriKernel.vcxproj", "{37592819-2227-4EE7-8D86-59CD4296CAEF}"
	ProjectSection(ProjectDependencies) = postProject
		{95FD0050-8A7F-477E-9374-EE3942F05807} = {95FD0050-8A7F-477E-9374-EE3942F05807}
	EndProjectSection
EndProject
Project("{8BC9CEB8-8B4A-11D0-8D11-00A0C91BC942}") = "OriLng", "OriLng\OriLng.vcxproj", "{ACC0FAFF-EFCC-4781-9CD3-C526767F88E9}"
	ProjectSection(ProjectDependencies) = postProject
		{95FD0050-8A7F-477E-9374-EE3942F05807} = {95FD0050-8A7F-477E-9374-EE3942F05807}
		{EACD38C2-9514-43B7-A843-7AF23A22CEE5} = {EACD38C2-9514-43B7-A843-7AF23A22CEE5}
	EndProjectSection
EndProject
Project("{8BC9CEB8-8B4A-11D0-8D11-00A0C91BC942}") = "SuperInt", "SuperInt\SuperInt.vcxproj", "{C79601DE-0939-4AE7-ADE0-510C264B3BD2}"
EndProject
Project("{2150E333-8FDC-42A3-9474-1A3956D46DE8}") = "Test", "Test", "{B62A5527-63CA-4549-87D6-1122DDF73F80}"
EndProject
Global
	GlobalSection(SolutionConfigurationPlatforms) = preSolution
		Debug|Win32 = Debug|Win32
		Debug|x64 = Debug|x64
		Debug100|Win32 = Debug100|Win32
		Debug100|x64 = Debug100|x64
		Debug120|Win32 = Debug120|Win32
		Debug120|x64 = Debug120|x64
		Debug140|Win32 = Debug140|Win32
		Debug140|x64 = Debug140|x64
		Release|Win32 = Release|Win32
		Release|x64 = Release|x64
		Release100|Win32 = Release100|Win32
		Release100|x64 = Release100|x64
		Release120|Win32 = Release120|Win32
		Release120|x64 = Release120|x64
	EndGlobalSection
	GlobalSection(ProjectConfigurationPlatforms) = postSolution
		{6699D67F-7944-4282-AE0C-DD605FE66515}.Debug|Win32.ActiveCfg = Debug|Win32
		{6699D67F-7944-4282-AE0C-DD605FE66515}.Debug|Win32.Build.0 = Debug|Win32
		{6699D67F-7944-4282-AE0C-DD605FE66515}.Debug|x64.ActiveCfg = Debug|x64
		{6699D67F-7944-4282-AE0C-DD605FE66515}.Debug|x64.Build.0 = Debug|x64
		{6699D67F-7944-4282-AE0C-DD605FE66515}.Debug100|Win32.ActiveCfg = Debug100|Win32
		{6699D67F-7944-4282-AE0C-DD605FE66515}.Debug100|Win32.Build.0 = Debug100|Win32
		{6699D67F-7944-4282-AE0C-DD605FE66515}.Debug100|x64.ActiveCfg = Debug100|x64
		{6699D67F-7944-4282-AE0C-DD605FE66515}.Debug100|x64.Build.0 = Debug100|x64
		{6699D67F-7944-4282-AE0C-DD605FE66515}.Debug120|Win32.ActiveCfg = Debug120|Win32
		{6699D67F-7944-4282-AE0C-DD605FE66515}.Debug120|Win32.Build.0 = Debug120|Win32
		{6699D67F-7944-4282-AE0C-DD605FE66515}.Debug120|x64.ActiveCfg = Debug120|x64
		{6699D67F-7944-4282-AE0C-DD605FE66515}.Debug120|x64.Build.0 = Debug120|x64
		{6699D67F-7944-4282-AE0C-DD605FE66515}.Debug140|Win32.ActiveCfg = Debug140|Win32
		{6699D67F-7944-4282-AE0C-DD605FE66515}.Debug140|Win32.Build.0 = Debug140|Win32
		{6699D67F-7944-4282-AE0C-DD605FE66515}.Debug140|x64.ActiveCfg = Debug140|x64
		{6699D67F-7944-4282-AE0C-DD605FE66515}.Debug140|x64.Build.0 = Debug140|x64
		{6699D67F-7944-4282-AE0C-DD605FE66515}.Release|Win32.ActiveCfg = Release|Win32
		{6699D67F-7944-4282-AE0C-DD605FE66515}.Release|Win32.Build.0 = Release|Win32
		{6699D67F-7944-4282-AE0C-DD605FE66515}.Release|x64.ActiveCfg = Release|x64
		{6699D67F-7944-4282-AE0C-DD605FE66515}.Release|x64.Build.0 = Release|x64
		{6699D67F-7944-4282-AE0C-DD605FE66515}.Release100|Win32.ActiveCfg = Release100|Win32
		{6699D67F-7944-4282-AE0C-DD605FE66515}.Release100|Win32.Build.0 = Release100|Win32
		{6699D67F-7944-4282-AE0C-DD605FE66515}.Release100|x64.ActiveCfg = Release100|x64
		{6699D67F-7944-4282-AE0C-DD605FE66515}.Release100|x64.Build.0 = Release100|x64
		{6699D67F-7944-4282-AE0C-DD605FE66515}.Release120|Win32.ActiveCfg = Release120|Win32
		{6699D67F-7944-4282-AE0C-DD605FE66515}.Release120|Win32.Build.0 = Release120|Win32
		{6699D67F-7944-4282-AE0C-DD605FE66515}.Release120|x64.ActiveCfg = Release120|x64
		{6699D67F-7944-4282-AE0C-DD605FE66515}.Release120|x64.Build.0 = Release120|x64
		{95FD0050-8A7F-477E-9374-EE3942F05807}.Debug|Win32.ActiveCfg = Debug|Win32
		{95FD0050-8A7F-477E-9374-EE3942F05807}.Debug|Win32.Build.0 = Debug|Win32
		{95FD0050-8A7F-477E-9374-EE3942F05807}.Debug|x64.ActiveCfg = Debug|x64
		{95FD0050-8A7F-477E-9374-EE3942F05807}.Debug|x64.Build.0 = Debug|x64
		{95FD0050-8A7F-477E-9374-EE3942F05807}.Debug100|Win32.ActiveCfg = Debug100|Win32
		{95FD0050-8A7F-477E-9374-EE3942F05807}.Debug100|Win32.Build.0 = Debug100|Win32
		{95FD0050-8A7F-477E-9374-EE3942F05807}.Debug100|x64.ActiveCfg = Debug100|x64
		{95FD0050-8A7F-477E-9374-EE3942F05807}.Debug100|x64.Build.0 = Debug100|x64
		{95FD0050-8A7F-477E-9374-EE3942F05807}.Debug120|Win32.ActiveCfg = Debug120|Win32
		{95FD0050-8A7F-477E-9374-EE3942F05807}.Debug120|Win32.Build.0 = Debug120|Win32
		{95FD0050-8A7F-477E-9374-EE3942F05807}.Debug120|x64.ActiveCfg = Debug120|x64
		{95FD0050-8A7F-477E-9374-EE3942F05807}.Debug120|x64.Build.0 = Debug120|x64
		{95FD0050-8A7F-477E-9374-EE3942F05807}.Debug140|Win32.ActiveCfg = Debug140|Win32
		{95FD0050-8A7F-477E-9374-EE3942F05807}.Debug140|Win32.Build.0 = Debug140|Win32
		{95FD0050-8A7F-477E-9374-EE3942F05807}.Debug140|x64.ActiveCfg = Debug140|x64
		{95FD0050-8A7F-477E-9374-EE3942F05807}.Debug140|x64.Build.0 = Debug140|x64
		{95FD0050-8A7F-477E-9374-EE3942F05807}.Release|Win32.ActiveCfg = Release|Win32
		{95FD0050-8A7F-477E-9374-EE3942F05807}.Release|Win32.Build.0 = Release|Win32
		{95FD0050-8A7F-477E-9374-EE3942F05807}.Release|x64.ActiveCfg = Release|x64
		{95FD0050-8A7F-477E-9374-EE3942F05807}.Release|x64.Build.0 = Release|x64
		{95FD0050-8A7F-477E-9374-EE3942F05807}.Release100|Win32.ActiveCfg = Release100|Win32
		{95FD0050-8A7F-477E-9374-EE3942F05807}.Release100|Win32.Build.0 = Release100|Win32
		{95FD0050-8A7F-477E-9374-EE3942F05807}.Release100|x64.ActiveCfg = Release100|x64
		{95FD0050-8A7F-477E-9374-EE3942F05807}.Release100|x64.Build.0 = Release100|x64
		{95FD0050-8A7F-477E-9374-EE3942F05807}.Release120|Win32.ActiveCfg = Release120|Win32
		{95FD0050-8A7F-477E-9374-EE3942F05807}.Release120|Win32.Build.0 = Release120|Win32
		{95FD0050-8A7F-477E-9374-EE3942F05807}.Release120|x64.ActiveCfg = Release120|x64
		{95FD0050-8A7F-477E-9374-EE3942F05807}.Release120|x64.Build.0 = Release120|x64
		{EACD38C2-9514-43B7-A843-7AF23A22CEE5}.Debug|Win32.ActiveCfg = Debug|Win32
		{EACD38C2-9514-43B7-A843-7AF23A22CEE5}.Debug|Win32.Build.0 = Debug|Win32
		{EACD38C2-9514-43B7-A843-7AF23A22CEE5}.Debug|x64.ActiveCfg = Debug|x64
		{EACD38C2-9514-43B7-A843-7AF23A22CEE5}.Debug|x64.Build.0 = Debug|x64
		{EACD38C2-9514-43B7-A843-7AF23A22CEE5}.Debug100|Win32.ActiveCfg = Debug100|Win32
		{EACD38C2-9514-43B7-A843-7AF23A22CEE5}.Debug100|Win32.Build.0 = Debug100|Win32
		{EACD38C2-9514-43B7-A843-7AF23A22CEE5}.Debug100|x64.ActiveCfg = Debug100|x64
		{EACD38C2-9514-43B7-A843-7AF23A22CEE5}.Debug100|x64.Build.0 = Debug100|x64
		{EACD38C2-9514-43B7-A843-7AF23A22CEE5}.Debug120|Win32.ActiveCfg = Debug120|Win32
		{EACD38C2-9514-43B7-A843-7AF23A22CEE5}.Debug120|Win32.Build.0 = Debug120|Win32
		{EACD38C2-9514-43B7-A843-7AF23A22CEE5}.Debug120|x64.ActiveCfg = Debug120|x64
		{EACD38C2-9514-43B7-A843-7AF23A22CEE5}.Debug120|x64.Build.0 = Debug120|x64
		{EACD38C2-9514-43B7-A843-7AF23A22CEE5}.Debug140|Win32.ActiveCfg = Debug140|Win32
		{EACD38C2-9514-43B7-A843-7AF23A22CEE5}.Debug140|Win32.Build.0 = Debug140|Win32
		{EACD38C2-9514-43B7-A843-7AF23A22CEE5}.Debug140|x64.ActiveCfg = Debug140|x64
		{EACD38C2-9514-43B7-A843-7AF23A22CEE5}.Debug140|x64.Build.0 = Debug140|x64
		{EACD38C2-9514-43B7-A843-7AF23A22CEE5}.Release|Win32.ActiveCfg = Release|Win32
		{EACD38C2-9514-43B7-A843-7AF23A22CEE5}.Release|Win32.Build.0 = Release|Win32
		{EACD38C2-9514-43B7-A843-7AF23A22CEE5}.Release|x64.ActiveCfg = Release|x64
		{EACD38C2-9514-43B7-A843-7AF23A22CEE5}.Release|x64.Build.0 = Release|x64
		{EACD38C2-9514-43B7-A843-7AF23A22CEE5}.Release100|Win32.ActiveCfg = Release100|Win32
		{EACD38C2-9514-43B7-A843-7AF23A22CEE5}.Release100|Win32.Build.0 = Release100|Win32
		{EACD38C2-9514-43B7-A843-7AF23A22CEE5}.Release100|x64.ActiveCfg = Release100|x64
		{EACD38C2-9514-43B7-A843-7AF23A22CEE5}.Release100|x64.Build.0 = Release100|x64
		{EACD38C2-9514-43B7-A843-7AF23A22CEE5}.Release120|Win32.ActiveCfg = Release120|Win32
		{EACD38C2-9514-43B7-A843-7AF23A22CEE5}.Release120|Win32.Build.0 = Release120|Win32
		{EACD38C2-9514-43B7-A843-7AF23A22CEE5}.Release120|x64.ActiveCfg = Release120|x64
		{EACD38C2-9514-43B7-A843-7AF23A22CEE5}.Release120|x64.Build.0 = Release120|x64
		{BC6EC44C-714C-4F7C-9CBC-E1383DBB5F26}.Debug|Win32.ActiveCfg = Debug|Win32
		{BC6EC44C-714C-4F7C-9CBC-E1383DBB5F26}.Debug|Win32.Build.0 = Debug|Win32
		{BC6EC44C-714C-4F7C-9CBC-E1383DBB5F26}.Debug|x64.ActiveCfg = Debug|x64
		{BC6EC44C-714C-4F7C-9CBC-E1383DBB5F26}.Debug|x64.Build.0 = Debug|x64
		{BC6EC44C-714C-4F7C-9CBC-E1383DBB5F26}.Debug100|Win32.ActiveCfg = Debug100|Win32
		{BC6EC44C-714C-4F7C-9CBC-E1383DBB5F26}.Debug100|Win32.Build.0 = Debug100|Win32
		{BC6EC44C-714C-4F7C-9CBC-E1383DBB5F26}.Debug100|x64.ActiveCfg = Debug100|x64
		{BC6EC44C-714C-4F7C-9CBC-E1383DBB5F26}.Debug100|x64.Build.0 = Debug100|x64
		{BC6EC44C-714C-4F7C-9CBC-E1383DBB5F26}.Debug120|Win32.ActiveCfg = Debug120|Win32
		{BC6EC44C-714C-4F7C-9CBC-E1383DBB5F26}.Debug120|Win32.Build.0 = Debug120|Win32
		{BC6EC44C-714C-4F7C-9CBC-E1383DBB5F26}.Debug120|x64.ActiveCfg = Debug120|x64
		{BC6EC44C-714C-4F7C-9CBC-E1383DBB5F26}.Debug120|x64.Build.0 = Debug120|x64
		{BC6EC44C-714C-4F7C-9CBC-E1383DBB5F26}.Debug140|Win32.ActiveCfg = Debug140|Win32
		{BC6EC44C-714C-4F7C-9CBC-E1383DBB5F26}.Debug140|Win32.Build.0 = Debug140|Win32
		{BC6EC44C-714C-4F7C-9CBC-E1383DBB5F26}.Debug140|x64.ActiveCfg = Debug140|x64
		{BC6EC44C-714C-4F7C-9CBC-E1383DBB5F26}.Debug140|x64.Build.0 = Debug140|x64
		{BC6EC44C-714C-4F7C-9CBC-E1383DBB5F26}.Release|Win32.ActiveCfg = Release|Win32
		{BC6EC44C-714C-4F7C-9CBC-E1383DBB5F26}.Release|Win32.Build.0 = Release|Win32
		{BC6EC44C-714C-4F7C-9CBC-E1383DBB5F26}.Release|x64.ActiveCfg = Release|x64
		{BC6EC44C-714C-4F7C-9CBC-E1383DBB5F26}.Release|x64.Build.0 = Release|x64
		{BC6EC44C-714C-4F7C-9CBC-E1383DBB5F26}.Release100|Win32.ActiveCfg = Release100|Win32
		{BC6EC44C-714C-4F7C-9CBC-E1383DBB5F26}.Release100|Win32.Build.0 = Release100|Win32
		{BC6EC44C-714C-4F7C-9CBC-E1383DBB5F26}.Release100|x64.ActiveCfg = Release100|x64
		{BC6EC44C-714C-4F7C-9CBC-E1383DBB5F26}.Release100|x64.Build.0 = Release100|x64
		{BC6EC44C-714C-4F7C-9CBC-E1383DBB5F26}.Release120|Win32.ActiveCfg = Release120|Win32
		{BC6EC44C-714C-4F7C-9CBC-E1383DBB5F26}.Release120|Win32.Build.0 = Release120|Win32
		{BC6EC44C-714C-4F7C-9CBC-E1383DBB5F26}.Release120|x64.ActiveCfg = Release120|x64
		{BC6EC44C-714C-4F7C-9CBC-E1383DBB5F26}.Release120|x64.Build.0 = Release120|x64
		{6EE5D4ED-5415-4419-9782-451D72EAB455}.Debug|Win32.ActiveCfg = Debug|Win32
		{6EE5D4ED-5415-4419-9782-451D72EAB455}.Debug|Win32.Build.0 = Debug|Win32
		{6EE5D4ED-5415-4419-9782-451D72EAB455}.Debug|x64.ActiveCfg = Debug|x64
		{6EE5D4ED-5415-4419-9782-451D72EAB455}.Debug|x64.Build.0 = Debug|x64
		{6EE5D4ED-5415-4419-9782-451D72EAB455}.Debug100|Win32.ActiveCfg = Debug100|Win32
		{6EE5D4ED-5415-4419-9782-451D72EAB455}.Debug100|Win32.Build.0 = Debug100|Win32
		{6EE5D4ED-5415-4419-9782-451D72EAB455}.Debug100|x64.ActiveCfg = Debug100|x64
		{6EE5D4ED-5415-4419-9782-451D72EAB455}.Debug100|x64.Build.0 = Debug100|x64
		{6EE5D4ED-5415-4419-9782-451D72EAB455}.Debug120|Win32.ActiveCfg = Debug120|Win32
		{6EE5D4ED-5415-4419-9782-451D72EAB455}.Debug120|Win32.Build.0 = Debug120|Win32
		{6EE5D4ED-5415-4419-9782-451D72EAB455}.Debug120|x64.ActiveCfg = Debug120|x64
		{6EE5D4ED-5415-4419-9782-451D72EAB455}.Debug120|x64.Build.0 = Debug120|x64
		{6EE5D4ED-5415-4419-9782-451D72EAB455}.Debug140|Win32.ActiveCfg = Debug140|Win32
		{6EE5D4ED-5415-4419-9782-451D72EAB455}.Debug140|Win32.Build.0 = Debug140|Win32
		{6EE5D4ED-5415-4419-9782-451D72EAB455}.Debug140|x64.ActiveCfg = Debug140|x64
		{6EE5D4ED-5415-4419-9782-451D72EAB455}.Debug140|x64.Build.0 = Debug140|x64
		{6EE5D4ED-5415-4419-9782-451D72EAB455}.Release|Win32.ActiveCfg = Release|Win32
		{6EE5D4ED-5415-4419-9782-451D72EAB455}.Release|Win32.Build.0 = Release|Win32
		{6EE5D4ED-5415-4419-9782-451D72EAB455}.Release|x64.ActiveCfg = Release|x64
		{6EE5D4ED-5415-4419-9782-451D72EAB455}.Release|x64.Build.0 = Release|x64
		{6EE5D4ED-5415-4419-9782-451D72EAB455}.Release100|Win32.ActiveCfg = Release100|Win32
		{6EE5D4ED-5415-4419-9782-451D72EAB455}.Release100|Win32.Build.0 = Release100|Win32
		{6EE5D4ED-5415-4419-9782-451D72EAB455}.Release100|x64.ActiveCfg = Release100|x64
		{6EE5D4ED-5415-4419-9782-451D72EAB455}.Release100|x64.Build.0 = Release100|x64
		{6EE5D4ED-5415-4419-9782-451D72EAB455}.Release120|Win32.ActiveCfg = Release120|Win32
		{6EE5D4ED-5415-4419-9782-451D72EAB455}.Release120|Win32.Build.0 = Release120|Win32
		{6EE5D4ED-5415-4419-9782-451D72EAB455}.Release120|x64.ActiveCfg = Release120|x64
		{6EE5D4ED-5415-4419-9782-451D72EAB455}.Release120|x64.Build.0 = Release120|x64
		{37592819-2227-4EE7-8D86-59CD4296CAEF}.Debug|Win32.ActiveCfg = Debug|Win32
		{37592819-2227-4EE7-8D86-59CD4296CAEF}.Debug|Win32.Build.0 = Debug|Win32
		{37592819-2227-4EE7-8D86-59CD4296CAEF}.Debug|x64.ActiveCfg = Debug|x64
		{37592819-2227-4EE7-8D86-59CD4296CAEF}.Debug|x64.Build.0 = Debug|x64
		{37592819-2227-4EE7-8D86-59CD4296CAEF}.Debug100|Win32.ActiveCfg = Debug100|Win32
		{37592819-2227-4EE7-8D86-59CD4296CAEF}.Debug100|Win32.Build.0 = Debug100|Win32
		{37592819-2227-4EE7-8D86-59CD4296CAEF}.Debug100|x64.ActiveCfg = Debug100|x64
		{37592819-2227-4EE7-8D86-59CD4296CAEF}.Debug100|x64.Build.0 = Debug100|x64
		{37592819-2227-4EE7-8D86-59CD4296CAEF}.Debug120|Win32.ActiveCfg = Debug120|Win32
		{37592819-2227-4EE7-8D86-59CD4296CAEF}.Debug120|Win32.Build.0 = Debug120|Win32
		{37592819-2227-4EE7-8D86-59CD4296CAEF}.Debug120|x64.ActiveCfg = Debug120|x64
		{37592819-2227-4EE7-8D86-59CD4296CAEF}.Debug120|x64.Build.0 = Debug120|x64
		{37592819-2227-4EE7-8D86-59CD4296CAEF}.Debug140|Win32.ActiveCfg = Debug140|Win32
		{37592819-2227-4EE7-8D86-59CD4296CAEF}.Debug140|Win32.Build.0 = Debug140|Win32
		{37592819-2227-4EE7-8D86-59CD4296CAEF}.Debug140|x64.ActiveCfg = Debug140|x64
		{37592819-2227-4EE7-8D86-59CD4296CAEF}.Debug140|x64.Build.0 = Debug140|x64
		{37592819-2227-4EE7-8D86-59CD4296CAEF}.Release|Win32.ActiveCfg = Release|Win32
		{37592819-2227-4EE7-8D86-59CD4296CAEF}.Release|Win32.Build.0 = Release|Win32
		{37592819-2227-4EE7-8D86-59CD4296CAEF}.Release|x64.ActiveCfg = Release|x64
		{37592819-2227-4EE7-8D86-59CD4296CAEF}.Release|x64.Build.0 = Release|x64
		{37592819-2227-4EE7-8D86-59CD4296CAEF}.Release100|Win32.ActiveCfg = Release100|Win32
		{37592819-2227-4EE7-8D86-59CD4296CAEF}.Release100|Win32.Build.0 = Release100|Win32
		{37592819-2227-4EE7-8D86-59CD4296CAEF}.Release100|x64.ActiveCfg = Release100|x64
		{37592819-2227-4EE7-8D86-59CD4296CAEF}.Release100|x64.Build.0 = Release100|x64
		{37592819-2227-4EE7-8D86-59CD4296CAEF}.Release120|Win32.ActiveCfg = Release120|Win32
		{37592819-2227-4EE7-8D86-59CD4296CAEF}.Release120|Win32.Build.0 = Release120|Win32
		{37592819-2227-4EE7-8D86-59CD4296CAEF}.Release120|x64.ActiveCfg = Release120|x64
		{37592819-2227-4EE7-8D86-59CD4296CAEF}.Release120|x64.Build.0 = Release120|x64
		{ACC0FAFF-EFCC-4781-9CD3-C526767F88E9}.Debug|Win32.ActiveCfg = Debug|Win32
		{ACC0FAFF-EFCC-4781-9CD3-C526767F88E9}.Debug|Win32.Build.0 = Debug|Win32
		{ACC0FAFF-EFCC-4781-9CD3-C526767F88E9}.Debug|x64.ActiveCfg = Debug|x64
		{ACC0FAFF-EFCC-4781-9CD3-C526767F88E9}.Debug|x64.Build.0 = Debug|x64
		{ACC0FAFF-EFCC-4781-9CD3-C526767F88E9}.Debug100|Win32.ActiveCfg = Debug100|Win32
		{ACC0FAFF-EFCC-4781-9CD3-C526767F88E9}.Debug100|Win32.Build.0 = Debug100|Win32
		{ACC0FAFF-EFCC-4781-9CD3-C526767F88E9}.Debug100|x64.ActiveCfg = Debug100|x64
		{ACC0FAFF-EFCC-4781-9CD3-C526767F88E9}.Debug100|x64.Build.0 = Debug100|x64
		{ACC0FAFF-EFCC-4781-9CD3-C526767F88E9}.Debug120|Win32.ActiveCfg = Debug120|Win32
		{ACC0FAFF-EFCC-4781-9CD3-C526767F88E9}.Debug120|Win32.Build.0 = Debug120|Win32
		{ACC0FAFF-EFCC-4781-9CD3-C526767F88E9}.Debug120|x64.ActiveCfg = Debug120|x64
		{ACC0FAFF-EFCC-4781-9CD3-C526767F88E9}.Debug120|x64.Build.0 = Debug120|x64
		{ACC0FAFF-EFCC-4781-9CD3-C526767F88E9}.Debug140|Win32.ActiveCfg = Debug140|Win32
		{ACC0FAFF-EFCC-4781-9CD3-C526767F88E9}.Debug140|Win32.Build.0 = Debug140|Win32
		{ACC0FAFF-EFCC-4781-9CD3-C526767F88E9}.Debug140|x64.ActiveCfg = Debug140|x64
		{ACC0FAFF-EFCC-4781-9CD3-C526767F88E9}.Debug140|x64.Build.0 = Debug140|x64
		{ACC0FAFF-EFCC-4781-9CD3-C526767F88E9}.Release|Win32.ActiveCfg = Release|Win32
		{ACC0FAFF-EFCC-4781-9CD3-C526767F88E9}.Release|Win32.Build.0 = Release|Win32
		{ACC0FAFF-EFCC-4781-9CD3-C526767F88E9}.Release|x64.ActiveCfg = Release|x64
		{ACC0FAFF-EFCC-4781-9CD3-C526767F88E9}.Release|x64.Build.0 = Release|x64
		{ACC0FAFF-EFCC-4781-9CD3-C526767F88E9}.Release100|Win32.ActiveCfg = Release100|Win32
		{ACC0FAFF-EFCC-4781-9CD3-C526767F88E9}.Release100|Win32.Build.0 = Release100|Win32
		{ACC0FAFF-EFCC-4781-9CD3-C526767F88E9}.Release100|x64.ActiveCfg = Release100|x64
		{ACC0FAFF-EFCC-4781-9CD3-C526767F88E9}.Release100|x64.Build.0 = Release100|x64
		{ACC0FAFF-EFCC-4781-9CD3-C526767F88E9}.Release120|Win32.ActiveCfg = Release120|Win32
		{ACC0FAFF-EFCC-4781-9CD3-C526767F88E9}.Release120|Win32.Build.0 = Release120|Win32
		{ACC0FAFF-EFCC-4781-9CD3-C526767F88E9}.Release120|x64.ActiveCfg = Release120|x64
		{ACC0FAFF-EFCC-4781-9CD3-C526767F88E9}.Release120|x64.Build.0 = Release120|x64
		{C79601DE-0939-4AE7-ADE0-510C264B3BD2}.Debug|Win32.ActiveCfg = Debug|Win32
		{C79601DE-0939-4AE7-ADE0-510C264B3BD2}.Debug|Win32.Build.0 = Debug|Win32
		{C79601DE-0939-4AE7-ADE0-510C264B3BD2}.Debug|x64.ActiveCfg = Debug|x64
		{C79601DE-0939-4AE7-ADE0-510C264B3BD2}.Debug|x64.Build.0 = Debug|x64
		{C79601DE-0939-4AE7-ADE0-510C264B3BD2}.Debug100|Win32.ActiveCfg = Debug100|Win32
		{C79601DE-0939-4AE7-ADE0-510C264B3BD2}.Debug100|Win32.Build.0 = Debug100|Win32
		{C79601DE-0939-4AE7-ADE0-510C264B3BD2}.Debug100|x64.ActiveCfg = Debug100|x64
		{C79601DE-0939-4AE7-ADE0-510C264B3BD2}.Debug100|x64.Build.0 = Debug100|x64
		{C79601DE-0939-4AE7-ADE0-510C264B3BD2}.Debug120|Win32.ActiveCfg = Debug120|Win32
		{C79601DE-0939-4AE7-ADE0-510C264B3BD2}.Debug120|Win32.Build.0 = Debug120|Win32
		{C79601DE-0939-4AE7-ADE0-510C264B3BD2}.Debug120|x64.ActiveCfg = Debug120|x64
		{C79601DE-0939-4AE7-ADE0-510C264B3BD2}.Debug120|x64.Build.0 = Debug120|x64
		{C79601DE-0939-4AE7-ADE0-510C264B3BD2}.Debug140|Win32.ActiveCfg = Debug140|Win32
		{C79601DE-0939-4AE7-ADE0-510C264B3BD2}.Debug140|Win32.Build.0 = Debug140|Win32
		{C79601DE-0939-4AE7-ADE0-510C264B3BD2}.Debug140|x64.ActiveCfg = Debug140|x64
		{C79601DE-0939-4AE7-ADE0-510C264B3BD2}.Debug140|x64.Build.0 = Debug140|x64
		{C79601DE-0939-4AE7-ADE0-510C264B3BD2}.Release|Win32.ActiveCfg = Release|Win32
		{C79601DE-0939-4AE7-ADE0-510C264B3BD2}.Release|Win32.Build.0 = Release|Win32
		{C79601DE-0939-4AE7-ADE0-510C264B3BD2}.Release|x64.ActiveCfg = Release|x64
		{C79601DE-0939-4AE7-ADE0-510C264B3BD2}.Release|x64.Build.0 = Release|x64
		{C79601DE-0939-4AE7-ADE0-510C264B3BD2}.Release100|Win32.ActiveCfg = Release100|Win32
		{C79601DE-0939-4AE7-ADE0-510C264B3BD2}.Release100|Win32.Build.0 = Release100|Win32
		{C79601DE-0939-4AE7-ADE0-510C264B3BD2}.Release100|x64.ActiveCfg = Release100|x64
		{C79601DE-0939-4AE7-ADE0-510C264B3BD2}.Release100|x64.Build.0 = Release100|x64
		{C79601DE-0939-4AE7-ADE0-510C264B3BD2}.Release120|Win32.ActiveCfg = Release120|Win32
		{C79601DE-0939-4AE7-ADE0-510C264B3BD2}.Release120|Win32.Build.0 = Release120|Win32
		{C79601DE-0939-4AE7-ADE0-510C264B3BD2}.Release120|x64.ActiveCfg = Release120|x64
		{C79601DE-0939-4AE7-ADE0-510C264B3BD2}.Release120|x64.Build.0 = Release120|x64
	EndGlobalSection
	GlobalSection(SolutionProperties) = preSolution
		HideSolutionNode = FALSE
	EndGlobalSection
EndGlobal
