<?xml version="1.0" encoding="utf-8"?>
<Project ToolsVersion="4.0" xmlns="http://schemas.microsoft.com/developer/msbuild/2003">
  <ItemGroup>
    <Filter Include="src">
      <UniqueIdentifier>{9efee295-9f45-49df-9d7d-26cf1d49ea9f}</UniqueIdentifier>
    </Filter>
  </ItemGroup>
  <ItemGroup>
    <ClInclude Include="OriBinFile.h">
      <Filter>src</Filter>
    </ClInclude>
    <ClInclude Include="OriGeoIP.h">
      <Filter>src</Filter>
    </ClInclude>
    <ClInclude Include="OriIP.h">
      <Filter>src</Filter>
    </ClInclude>
  </ItemGroup>
  <ItemGroup>
    <ClCompile Include="OriGeoIP.cpp">
      <Filter>src</Filter>
    </ClCompile>
    <ClCompile Include="OriIP.cpp">
      <Filter>src</Filter>
    </ClCompile>
    <ClCompile Include="OriBinFile.cpp">
      <Filter>src</Filter>
    </ClCompile>
  </ItemGroup>
</Project>